
Microsoft Visual Studio Solution File, Format Version 12.00
# Visual Studio Version 17
VisualStudioVersion = 17.14.36705.20
MinimumVisualStudioVersion = 10.0.40219.1
Project("{FAE04EC0-301F-11D3-BF4B-00C04F79EFBC}") = "Hotel_Reservation_System.Web", "Hotel_Reservation_System.Web\Hotel_Reservation_System.Web.csproj", "{E8AA6F22-64EB-4BC0-9D72-E518D669BE41}"
EndProject
Project("{2150E333-8FDC-42A3-9474-1A3956D46DE8}") = "Core", "Core", "{02EA681E-C7D8-13C7-8484-4AC65E1B71E8}"
EndProject
Project("{2150E333-8FDC-42A3-9474-1A3956D46DE8}") = "Infrastructure", "Infrastructure", "{369CB01D-A1A7-72D2-AABC-3F0945D148A2}"
EndProject
Project("{FAE04EC0-301F-11D3-BF4B-00C04F79EFBC}") = "Hotel.Domain", "Hotel.Domin\Hotel.Domain.csproj", "{2F78FFAA-6E31-446B-B155-4CBAB188ADED}"
EndProject
Project("{FAE04EC0-301F-11D3-BF4B-00C04F79EFBC}") = "Hotel.Services", "Hotel.Services\Hotel.Services.csproj", "{B84D1BE8-70C1-44E6-9589-1EC4805CF89E}"
EndProject
Project("{FAE04EC0-301F-11D3-BF4B-00C04F79EFBC}") = "Hotel.Persistence", "Hotel.Persistence\Hotel.Persistence.csproj", "{40692F8D-0EB7-43D4-970C-81E58BDAD179}"
EndProject
Project("{FAE04EC0-301F-11D3-BF4B-00C04F79EFBC}") = "Hotel.Presentation", "Hotel.Presentation\Hotel.Presentation.csproj", "{668BEC7D-5F8A-4554-A62C-336D1EE62334}"
EndProject
Global
	GlobalSection(SolutionConfigurationPlatforms) = preSolution
		Debug|Any CPU = Debug|Any CPU
		Release|Any CPU = Release|Any CPU
	EndGlobalSection
	GlobalSection(ProjectConfigurationPlatforms) = postSolution
		{E8AA6F22-64EB-4BC0-9D72-E518D669BE41}.Debug|Any CPU.ActiveCfg = Debug|Any CPU
		{E8AA6F22-64EB-4BC0-9D72-E518D669BE41}.Debug|Any CPU.Build.0 = Debug|Any CPU
		{E8AA6F22-64EB-4BC0-9D72-E518D669BE41}.Release|Any CPU.ActiveCfg = Release|Any CPU
		{E8AA6F22-64EB-4BC0-9D72-E518D669BE41}.Release|Any CPU.Build.0 = Release|Any CPU
		{2F78FFAA-6E31-446B-B155-4CBAB188ADED}.Debug|Any CPU.ActiveCfg = Debug|Any CPU
		{2F78FFAA-6E31-446B-B155-4CBAB188ADED}.Debug|Any CPU.Build.0 = Debug|Any CPU
		{2F78FFAA-6E31-446B-B155-4CBAB188ADED}.Release|Any CPU.ActiveCfg = Release|Any CPU
		{2F78FFAA-6E31-446B-B155-4CBAB188ADED}.Release|Any CPU.Build.0 = Release|Any CPU
		{B84D1BE8-70C1-44E6-9589-1EC4805CF89E}.Debug|Any CPU.ActiveCfg = Debug|Any CPU
		{B84D1BE8-70C1-44E6-9589-1EC4805CF89E}.Debug|Any CPU.Build.0 = Debug|Any CPU
		{B84D1BE8-70C1-44E6-9589-1EC4805CF89E}.Release|Any CPU.ActiveCfg = Release|Any CPU
		{B84D1BE8-70C1-44E6-9589-1EC4805CF89E}.Release|Any CPU.Build.0 = Release|Any CPU
		{40692F8D-0EB7-43D4-970C-81E58BDAD179}.Debug|Any CPU.ActiveCfg = Debug|Any CPU
		{40692F8D-0EB7-43D4-970C-81E58BDAD179}.Debug|Any CPU.Build.0 = Debug|Any CPU
		{40692F8D-0EB7-43D4-970C-81E58BDAD179}.Release|Any CPU.ActiveCfg = Release|Any CPU
		{40692F8D-0EB7-43D4-970C-81E58BDAD179}.Release|Any CPU.Build.0 = Release|Any CPU
		{668BEC7D-5F8A-4554-A62C-336D1EE62334}.Debug|Any CPU.ActiveCfg = Debug|Any CPU
		{668BEC7D-5F8A-4554-A62C-336D1EE62334}.Debug|Any CPU.Build.0 = Debug|Any CPU
		{668BEC7D-5F8A-4554-A62C-336D1EE62334}.Release|Any CPU.ActiveCfg = Release|Any CPU
		{668BEC7D-5F8A-4554-A62C-336D1EE62334}.Release|Any CPU.Build.0 = Release|Any CPU
	EndGlobalSection
	GlobalSection(SolutionProperties) = preSolution
		HideSolutionNode = FALSE
	EndGlobalSection
	GlobalSection(NestedProjects) = preSolution
		{2F78FFAA-6E31-446B-B155-4CBAB188ADED} = {02EA681E-C7D8-13C7-8484-4AC65E1B71E8}
		{B84D1BE8-70C1-44E6-9589-1EC4805CF89E} = {02EA681E-C7D8-13C7-8484-4AC65E1B71E8}
		{40692F8D-0EB7-43D4-970C-81E58BDAD179} = {369CB01D-A1A7-72D2-AABC-3F0945D148A2}
		{668BEC7D-5F8A-4554-A62C-336D1EE62334} = {369CB01D-A1A7-72D2-AABC-3F0945D148A2}
	EndGlobalSection
	GlobalSection(ExtensibilityGlobals) = postSolution
		SolutionGuid = {705ABB64-4732-4A9F-912F-DFBE8350777E}
	EndGlobalSection
EndGlobal
